
Microsoft Visual Studio Solution File, Format Version 12.00
# Visual Studio 15
VisualStudioVersion = 15.0.28010.2046
MinimumVisualStudioVersion = 10.0.40219.1
Project("{2150E333-8FDC-42A3-9474-1A3956D46DE8}") = "Solution Items", "Solution Items", "{6132D2FA-996F-47FB-98C0-847DD8AF5852}"
	ProjectSection(SolutionItems) = preProject
		.gitignore = .gitignore
		README.md = README.md
	EndProjectSection
EndProject
Project("{9A19103F-16F7-4668-BE54-9A1E7A4F7556}") = "GosuParser", "src\GosuParser\GosuParser.csproj", "{5AE378CE-987A-4E3E-BB5A-68CCEC0233AA}"
EndProject
Project("{9A19103F-16F7-4668-BE54-9A1E7A4F7556}") = "GosuParser.Tests", "tests\GosuParser.Tests\GosuParser.Tests.csproj", "{9081BDEE-9E5A-4313-A420-ADDC0E6BB809}"
EndProject
Global
	GlobalSection(SolutionConfigurationPlatforms) = preSolution
		Debug|Any CPU = Debug|Any CPU
		Release|Any CPU = Release|Any CPU
	EndGlobalSection
	GlobalSection(ProjectConfigurationPlatforms) = postSolution
		{5AE378CE-987A-4E3E-BB5A-68CCEC0233AA}.Debug|Any CPU.ActiveCfg = Debug|Any CPU
		{5AE378CE-987A-4E3E-BB5A-68CCEC0233AA}.Debug|Any CPU.Build.0 = Debug|Any CPU
		{5AE378CE-987A-4E3E-BB5A-68CCEC0233AA}.Release|Any CPU.ActiveCfg = Release|Any CPU
		{5AE378CE-987A-4E3E-BB5A-68CCEC0233AA}.Release|Any CPU.Build.0 = Release|Any CPU
		{9081BDEE-9E5A-4313-A420-ADDC0E6BB809}.Debug|Any CPU.ActiveCfg = Debug|Any CPU
		{9081BDEE-9E5A-4313-A420-ADDC0E6BB809}.Debug|Any CPU.Build.0 = Debug|Any CPU
		{9081BDEE-9E5A-4313-A420-ADDC0E6BB809}.Release|Any CPU.ActiveCfg = Release|Any CPU
		{9081BDEE-9E5A-4313-A420-ADDC0E6BB809}.Release|Any CPU.Build.0 = Release|Any CPU
	EndGlobalSection
	GlobalSection(SolutionProperties) = preSolution
		HideSolutionNode = FALSE
	EndGlobalSection
	GlobalSection(ExtensibilityGlobals) = postSolution
		SolutionGuid = {C7BDB12C-FA20-48E9-99D7-70F7E0689067}
	EndGlobalSection
EndGlobal
